
Microsoft Visual Studio Solution File, Format Version 12.00
# Visual Studio Version 17
VisualStudioVersion = 17.0.32014.148
MinimumVisualStudioVersion = 10.0.40219.1
Project("{FAE04EC0-301F-11D3-BF4B-00C04F79EFBC}") = "ItTool", "ItTool\ItTool.csproj", "{F2D6D570-67B7-45DF-B91B-1DB84064B66F}"
EndProject
Global
	GlobalSection(SolutionConfigurationPlatforms) = preSolution
		Debug|Any CPU = Debug|Any CPU
		Release|Any CPU = Release|Any CPU
	EndGlobalSection
	GlobalSection(ProjectConfigurationPlatforms) = postSolution
		{F2D6D570-67B7-45DF-B91B-1DB84064B66F}.Debug|Any CPU.ActiveCfg = Debug|Any CPU
		{F2D6D570-67B7-45DF-B91B-1DB84064B66F}.Debug|Any CPU.Build.0 = Debug|Any CPU
		{F2D6D570-67B7-45DF-B91B-1DB84064B66F}.Release|Any CPU.ActiveCfg = Release|Any CPU
		{F2D6D570-67B7-45DF-B91B-1DB84064B66F}.Release|Any CPU.Build.0 = Release|Any CPU
	EndGlobalSection
	GlobalSection(SolutionProperties) = preSolution
		HideSolutionNode = FALSE
	EndGlobalSection
	GlobalSection(ExtensibilityGlobals) = postSolution
		SolutionGuid = {2C68BCBF-B616-4BB9-BC7E-5D3FBDF2D2FF}
	EndGlobalSection
EndGlobal
